
Microsoft Visual Studio Solution File, Format Version 12.00
# Visual Studio Version 16
VisualStudioVersion = 16.0.29911.84
MinimumVisualStudioVersion = 10.0.40219.1
Project("{9A19103F-16F7-4668-BE54-9A1E7A4F7556}") = "ReadOnlyCollectionDemo", "ReadOnlyCollectionDemo\ReadOnlyCollectionDemo.csproj", "{120C99A8-D5C6-49BA-BAB9-0BC6EA49990C}"
EndProject
Global
	GlobalSection(SolutionConfigurationPlatforms) = preSolution
		Debug|Any CPU = Debug|Any CPU
		Release|Any CPU = Release|Any CPU
	EndGlobalSection
	GlobalSection(ProjectConfigurationPlatforms) = postSolution
		{120C99A8-D5C6-49BA-BAB9-0BC6EA49990C}.Debug|Any CPU.ActiveCfg = Debug|Any CPU
		{120C99A8-D5C6-49BA-BAB9-0BC6EA49990C}.Debug|Any CPU.Build.0 = Debug|Any CPU
		{120C99A8-D5C6-49BA-BAB9-0BC6EA49990C}.Release|Any CPU.ActiveCfg = Release|Any CPU
		{120C99A8-D5C6-49BA-BAB9-0BC6EA49990C}.Release|Any CPU.Build.0 = Release|Any CPU
	EndGlobalSection
	GlobalSection(SolutionProperties) = preSolution
		HideSolutionNode = FALSE
	EndGlobalSection
	GlobalSection(ExtensibilityGlobals) = postSolution
		SolutionGuid = {3419C567-A36A-4ABC-91CC-BADE3E4346A7}
	EndGlobalSection
EndGlobal
